
Microsoft Visual Studio Solution File, Format Version 12.00
# Visual Studio Version 16
VisualStudioVersion = 16.0.31321.278
MinimumVisualStudioVersion = 10.0.40219.1
Project("{FAE04EC0-301F-11D3-BF4B-00C04F79EFBC}") = "Stockton2DArray", "Stockton2DArray.csproj", "{C60B6610-DB35-4632-B138-D8CB081BED35}"
EndProject
Global
	GlobalSection(SolutionConfigurationPlatforms) = preSolution
		Debug|Any CPU = Debug|Any CPU
		Release|Any CPU = Release|Any CPU
	EndGlobalSection
	GlobalSection(ProjectConfigurationPlatforms) = postSolution
		{C60B6610-DB35-4632-B138-D8CB081BED35}.Debug|Any CPU.ActiveCfg = Debug|Any CPU
		{C60B6610-DB35-4632-B138-D8CB081BED35}.Debug|Any CPU.Build.0 = Debug|Any CPU
		{C60B6610-DB35-4632-B138-D8CB081BED35}.Release|Any CPU.ActiveCfg = Release|Any CPU
		{C60B6610-DB35-4632-B138-D8CB081BED35}.Release|Any CPU.Build.0 = Release|Any CPU
	EndGlobalSection
	GlobalSection(SolutionProperties) = preSolution
		HideSolutionNode = FALSE
	EndGlobalSection
	GlobalSection(ExtensibilityGlobals) = postSolution
		SolutionGuid = {FBBE91FB-8CBF-467B-A6F1-B5C36A5CF3A9}
	EndGlobalSection
EndGlobal
